
Microsoft Visual Studio Solution File, Format Version 12.00
# Visual Studio 15
VisualStudioVersion = 15.0.26730.15
MinimumVisualStudioVersion = 10.0.40219.1
Project("{FAE04EC0-301F-11D3-BF4B-00C04F79EFBC}") = "Backupper", "Backupper.csproj", "{91E8C5F4-D2BC-4A08-A5AF-2C4884C1A09E}"
EndProject
Global
	GlobalSection(SolutionConfigurationPlatforms) = preSolution
		Debug|Any CPU = Debug|Any CPU
		Release|Any CPU = Release|Any CPU
	EndGlobalSection
	GlobalSection(ProjectConfigurationPlatforms) = postSolution
		{91E8C5F4-D2BC-4A08-A5AF-2C4884C1A09E}.Debug|Any CPU.ActiveCfg = Debug|Any CPU
		{91E8C5F4-D2BC-4A08-A5AF-2C4884C1A09E}.Debug|Any CPU.Build.0 = Debug|Any CPU
		{91E8C5F4-D2BC-4A08-A5AF-2C4884C1A09E}.Release|Any CPU.ActiveCfg = Release|Any CPU
		{91E8C5F4-D2BC-4A08-A5AF-2C4884C1A09E}.Release|Any CPU.Build.0 = Release|Any CPU
	EndGlobalSection
	GlobalSection(SolutionProperties) = preSolution
		HideSolutionNode = FALSE
	EndGlobalSection
	GlobalSection(ExtensibilityGlobals) = postSolution
		SolutionGuid = {EF743352-4E4A-4820-9113-7B9E49C24450}
	EndGlobalSection
EndGlobal
